
Microsoft Visual Studio Solution File, Format Version 12.00
# Visual Studio Version 17
VisualStudioVersion = 17.11.35222.181
MinimumVisualStudioVersion = 10.0.40219.1
Project("{FAE04EC0-301F-11D3-BF4B-00C04F79EFBC}") = "Sending-Emails", "Sending-Emails\Sending-Emails.csproj", "{7D146832-6680-4341-91B8-B28B18D95F22}"
EndProject
Global
	GlobalSection(SolutionConfigurationPlatforms) = preSolution
		Debug|Any CPU = Debug|Any CPU
		Release|Any CPU = Release|Any CPU
	EndGlobalSection
	GlobalSection(ProjectConfigurationPlatforms) = postSolution
		{7D146832-6680-4341-91B8-B28B18D95F22}.Debug|Any CPU.ActiveCfg = Debug|Any CPU
		{7D146832-6680-4341-91B8-B28B18D95F22}.Debug|Any CPU.Build.0 = Debug|Any CPU
		{7D146832-6680-4341-91B8-B28B18D95F22}.Release|Any CPU.ActiveCfg = Release|Any CPU
		{7D146832-6680-4341-91B8-B28B18D95F22}.Release|Any CPU.Build.0 = Release|Any CPU
	EndGlobalSection
	GlobalSection(SolutionProperties) = preSolution
		HideSolutionNode = FALSE
	EndGlobalSection
	GlobalSection(ExtensibilityGlobals) = postSolution
		SolutionGuid = {F98F8746-8B07-417D-98EF-F9D763EB88C6}
	EndGlobalSection
EndGlobal
